
Microsoft Visual Studio Solution File, Format Version 12.00
# Visual Studio Version 17
VisualStudioVersion = 17.13.35828.75 d17.13
MinimumVisualStudioVersion = 10.0.40219.1
Project("{FAE04EC0-301F-11D3-BF4B-00C04F79EFBC}") = "Learning_Day_9", "Learning_Day_9.csproj", "{B2C8E039-3E5A-46CE-A090-0C1D0D61A03A}"
EndProject
Global
	GlobalSection(SolutionConfigurationPlatforms) = preSolution
		Debug|Any CPU = Debug|Any CPU
		Release|Any CPU = Release|Any CPU
	EndGlobalSection
	GlobalSection(ProjectConfigurationPlatforms) = postSolution
		{B2C8E039-3E5A-46CE-A090-0C1D0D61A03A}.Debug|Any CPU.ActiveCfg = Debug|Any CPU
		{B2C8E039-3E5A-46CE-A090-0C1D0D61A03A}.Debug|Any CPU.Build.0 = Debug|Any CPU
		{B2C8E039-3E5A-46CE-A090-0C1D0D61A03A}.Release|Any CPU.ActiveCfg = Release|Any CPU
		{B2C8E039-3E5A-46CE-A090-0C1D0D61A03A}.Release|Any CPU.Build.0 = Release|Any CPU
	EndGlobalSection
	GlobalSection(SolutionProperties) = preSolution
		HideSolutionNode = FALSE
	EndGlobalSection
	GlobalSection(ExtensibilityGlobals) = postSolution
		SolutionGuid = {0584D74F-F9E3-4112-BED7-43C2306DB266}
	EndGlobalSection
EndGlobal
